// !$*UTF8*$!
{
	archiveVersion = 1;
	classes = {
	};
	objectVersion = 46;
	objects = {

/* Begin PBXBuildFile section */
		BF2C2E2717C9EC67001E5014 /* icon-notes@2x.png in Resources */ = {isa = PBXBuildFile; fileRef = BF2C2E2517C9EC67001E5014 /* icon-notes@2x.png */; };
		BF2C2E2817C9EC67001E5014 /* icon-notes.png in Resources */ = {isa = PBXBuildFile; fileRef = BF2C2E2617C9EC67001E5014 /* icon-notes.png */; };
		BF2C2E2D17C9F5A4001E5014 /* icon-email.png in Resources */ = {isa = PBXBuildFile; fileRef = BF2C2E2917C9F5A4001E5014 /* icon-email.png */; };
		BF2C2E2E17C9F5A4001E5014 /* icon-email@2x.png in Resources */ = {isa = PBXBuildFile; fileRef = BF2C2E2A17C9F5A4001E5014 /* icon-email@2x.png */; };
		BF2C2E2F17C9F5A4001E5014 /* icon-facebook.png in Resources */ = {isa = PBXBuildFile; fileRef = BF2C2E2B17C9F5A4001E5014 /* icon-facebook.png */; };
		BF2C2E3017C9F5A4001E5014 /* icon-facebook@2x.png in Resources */ = {isa = PBXBuildFile; fileRef = BF2C2E2C17C9F5A4001E5014 /* icon-facebook@2x.png */; };
		BF2C2E3317C9F5B5001E5014 /* icon-sms.png in Resources */ = {isa = PBXBuildFile; fileRef = BF2C2E3117C9F5B5001E5014 /* icon-sms.png */; };
		BF2C2E3417C9F5B5001E5014 /* icon-sms@2x.png in Resources */ = {isa = PBXBuildFile; fileRef = BF2C2E3217C9F5B5001E5014 /* icon-sms@2x.png */; };
		BF31F62A17C920C900F06E96 /* icon-days-remaining.png in Resources */ = {isa = PBXBuildFile; fileRef = BF31F62817C920C900F06E96 /* icon-days-remaining.png */; };
		BF31F62B17C920C900F06E96 /* icon-days-remaining@2x.png in Resources */ = {isa = PBXBuildFile; fileRef = BF31F62917C920C900F06E96 /* icon-days-remaining@2x.png */; };
		BF31F62F17C9242900F06E96 /* TableViewCell.m in Sources */ = {isa = PBXBuildFile; fileRef = BF31F62E17C9242900F06E96 /* TableViewCell.m */; };
		BF43C38A17C9FF2700AFA63A /* icon-delete.png in Resources */ = {isa = PBXBuildFile; fileRef = BF43C38817C9FF2700AFA63A /* icon-delete.png */; };
		BF43C38B17C9FF2700AFA63A /* icon-delete@2x.png in Resources */ = {isa = PBXBuildFile; fileRef = BF43C38917C9FF2700AFA63A /* icon-delete@2x.png */; };
		BF47BE6317C4635A003C209C /* CoreData.framework in Frameworks */ = {isa = PBXBuildFile; fileRef = BF47BE6217C4635A003C209C /* CoreData.framework */; };
		BF47BE6717C4648E003C209C /* BirthdayReminder.xcdatamodeld in Sources */ = {isa = PBXBuildFile; fileRef = BF47BE6517C4648E003C209C /* BirthdayReminder.xcdatamodeld */; };
		BF47BE6A17C46AD8003C209C /* DBirthday.m in Sources */ = {isa = PBXBuildFile; fileRef = BF47BE6917C46AD8003C209C /* DBirthday.m */; };
		BF55AF5217C9FEBA009E5A38 /* icon-call.png in Resources */ = {isa = PBXBuildFile; fileRef = BF55AF5017C9FEBA009E5A38 /* icon-call.png */; };
		BF55AF5317C9FEBA009E5A38 /* icon-call@2x.png in Resources */ = {isa = PBXBuildFile; fileRef = BF55AF5117C9FEBA009E5A38 /* icon-call@2x.png */; };
		BF6487E117BDE90C00202254 /* EditViewController.m in Sources */ = {isa = PBXBuildFile; fileRef = BF6487E017BDE90C00202254 /* EditViewController.m */; };
		BF6487E217BDE90C00202254 /* EditViewController.m in Sources */ = {isa = PBXBuildFile; fileRef = BF6487E017BDE90C00202254 /* EditViewController.m */; };
		BF6487E517BDEDE200202254 /* CoreViewController.m in Sources */ = {isa = PBXBuildFile; fileRef = BF6487E417BDEDE200202254 /* CoreViewController.m */; };
		BF6487E617BDEDE200202254 /* CoreViewController.m in Sources */ = {isa = PBXBuildFile; fileRef = BF6487E417BDEDE200202254 /* CoreViewController.m */; };
		BF6487E917BE02EF00202254 /* NotesEditViewController.m in Sources */ = {isa = PBXBuildFile; fileRef = BF6487E817BE02EF00202254 /* NotesEditViewController.m */; };
		BF6487EA17BE02EF00202254 /* NotesEditViewController.m in Sources */ = {isa = PBXBuildFile; fileRef = BF6487E817BE02EF00202254 /* NotesEditViewController.m */; };
		BF6487ED17BE070100202254 /* SettingsViewController.m in Sources */ = {isa = PBXBuildFile; fileRef = BF6487EC17BE070100202254 /* SettingsViewController.m */; };
		BF6487EE17BE070100202254 /* SettingsViewController.m in Sources */ = {isa = PBXBuildFile; fileRef = BF6487EC17BE070100202254 /* SettingsViewController.m */; };
		BF6487F117BE091C00202254 /* NotificationTimeViewController.m in Sources */ = {isa = PBXBuildFile; fileRef = BF6487F017BE091C00202254 /* NotificationTimeViewController.m */; };
		BF6487F217BE091C00202254 /* NotificationTimeViewController.m in Sources */ = {isa = PBXBuildFile; fileRef = BF6487F017BE091C00202254 /* NotificationTimeViewController.m */; };
		BF6487F417BE0D9300202254 /* BRAppGuide01.png in Resources */ = {isa = PBXBuildFile; fileRef = BF6487F317BE0D9300202254 /* BRAppGuide01.png */; };
		BF6487F517BE0D9300202254 /* BRAppGuide01.png in Resources */ = {isa = PBXBuildFile; fileRef = BF6487F317BE0D9300202254 /* BRAppGuide01.png */; };
		BF6487F817BE0EB200202254 /* BuildGuideViewController.m in Sources */ = {isa = PBXBuildFile; fileRef = BF6487F717BE0EB200202254 /* BuildGuideViewController.m */; };
		BF6487F917BE0EB200202254 /* BuildGuideViewController.m in Sources */ = {isa = PBXBuildFile; fileRef = BF6487F717BE0EB200202254 /* BuildGuideViewController.m */; };
		BF6487FB17BE3EDF00202254 /* QuartzCore.framework in Frameworks */ = {isa = PBXBuildFile; fileRef = BF6487FA17BE3EDF00202254 /* QuartzCore.framework */; };
		BF66039017CAEE6400E0C6C3 /* ActionButton.m in Sources */ = {isa = PBXBuildFile; fileRef = BF66038F17CAEE6400E0C6C3 /* ActionButton.m */; };
		BF66039317CAEE8500E0C6C3 /* DeleteButton.m in Sources */ = {isa = PBXBuildFile; fileRef = BF66039217CAEE8500E0C6C3 /* DeleteButton.m */; };
		BF74A02D17C9AE8A0052E26F /* icon-add-new.png in Resources */ = {isa = PBXBuildFile; fileRef = BF74A02B17C9AE8A0052E26F /* icon-add-new.png */; };
		BF74A02E17C9AE8A0052E26F /* icon-add-new@2x.png in Resources */ = {isa = PBXBuildFile; fileRef = BF74A02C17C9AE8A0052E26F /* icon-add-new@2x.png */; };
		BF74A03117C9AE950052E26F /* icon-settings.png in Resources */ = {isa = PBXBuildFile; fileRef = BF74A02F17C9AE950052E26F /* icon-settings.png */; };
		BF74A03217C9AE950052E26F /* icon-settings@2x.png in Resources */ = {isa = PBXBuildFile; fileRef = BF74A03017C9AE950052E26F /* icon-settings@2x.png */; };
		BF74A03517C9B9100052E26F /* iOS_NavigationBar_BackgroundImage.png in Resources */ = {isa = PBXBuildFile; fileRef = BF74A03317C9B9100052E26F /* iOS_NavigationBar_BackgroundImage.png */; };
		BF74A03617C9B9100052E26F /* iOS_NavigationBar_BackgroundImage@2x.png in Resources */ = {isa = PBXBuildFile; fileRef = BF74A03417C9B9100052E26F /* iOS_NavigationBar_BackgroundImage@2x.png */; };
		BF74A03D17C9BE240052E26F /* iOS_ToolBar_BackgroundImage.png in Resources */ = {isa = PBXBuildFile; fileRef = BF74A03B17C9BE240052E26F /* iOS_ToolBar_BackgroundImage.png */; };
		BF74A03E17C9BE240052E26F /* iOS_ToolBar_BackgroundImage@2x.png in Resources */ = {isa = PBXBuildFile; fileRef = BF74A03C17C9BE240052E26F /* iOS_ToolBar_BackgroundImage@2x.png */; };
		BF74AB3217C940940095F451 /* days_icon.png in Resources */ = {isa = PBXBuildFile; fileRef = BF74AB3017C940940095F451 /* days_icon.png */; };
		BF74AB3317C940940095F451 /* days_icon@2x.png in Resources */ = {isa = PBXBuildFile; fileRef = BF74AB3117C940940095F451 /* days_icon@2x.png */; };
		BF74AB3917C944970095F451 /* days_icon1@2x.png in Resources */ = {isa = PBXBuildFile; fileRef = BF74AB3817C944970095F451 /* days_icon1@2x.png */; };
		BF74AB3B17C9449F0095F451 /* days_icon1.png in Resources */ = {isa = PBXBuildFile; fileRef = BF74AB3A17C9449F0095F451 /* days_icon1.png */; };
		BF8B450417C93CA300B11EF7 /* cell_background.png in Resources */ = {isa = PBXBuildFile; fileRef = BF8B450217C93CA300B11EF7 /* cell_background.png */; };
		BF8B450517C93CA300B11EF7 /* cell_background@2x.png in Resources */ = {isa = PBXBuildFile; fileRef = BF8B450317C93CA300B11EF7 /* cell_background@2x.png */; };
		BFA76B7617C5A70B00721697 /* DModel.m in Sources */ = {isa = PBXBuildFile; fileRef = BFA76B7517C5A70B00721697 /* DModel.m */; };
		BFBC035617C1A4FE002E4687 /* birthdays.plist in Resources */ = {isa = PBXBuildFile; fileRef = BFBC035517C1A4FE002E4687 /* birthdays.plist */; };
		BFBC036217C1A513002E4687 /* aloe-blacc.jpg in Resources */ = {isa = PBXBuildFile; fileRef = BFBC035817C1A513002E4687 /* aloe-blacc.jpg */; };
		BFBC036317C1A513002E4687 /* angelina-jolie.jpg in Resources */ = {isa = PBXBuildFile; fileRef = BFBC035917C1A513002E4687 /* angelina-jolie.jpg */; };
		BFBC036417C1A513002E4687 /* brad-pitt.jpg in Resources */ = {isa = PBXBuildFile; fileRef = BFBC035A17C1A513002E4687 /* brad-pitt.jpg */; };
		BFBC036517C1A513002E4687 /* christina-aguilera.jpg in Resources */ = {isa = PBXBuildFile; fileRef = BFBC035B17C1A513002E4687 /* christina-aguilera.jpg */; };
		BFBC036617C1A513002E4687 /* jamie-oliver.jpg in Resources */ = {isa = PBXBuildFile; fileRef = BFBC035C17C1A513002E4687 /* jamie-oliver.jpg */; };
		BFBC036717C1A513002E4687 /* justin-bieber.jpg in Resources */ = {isa = PBXBuildFile; fileRef = BFBC035D17C1A513002E4687 /* justin-bieber.jpg */; };
		BFBC036817C1A513002E4687 /* katy-perry.jpg in Resources */ = {isa = PBXBuildFile; fileRef = BFBC035E17C1A513002E4687 /* katy-perry.jpg */; };
		BFBC036917C1A513002E4687 /* olly-murs.jpg in Resources */ = {isa = PBXBuildFile; fileRef = BFBC035F17C1A513002E4687 /* olly-murs.jpg */; };
		BFBC036A17C1A513002E4687 /* russell-brand.jpg in Resources */ = {isa = PBXBuildFile; fileRef = BFBC036017C1A513002E4687 /* russell-brand.jpg */; };
		BFBC036B17C1A513002E4687 /* scarlett-johansson.jpg in Resources */ = {isa = PBXBuildFile; fileRef = BFBC036117C1A513002E4687 /* scarlett-johansson.jpg */; };
		BFC18B9317BDAF2900D49685 /* Foundation.framework in Frameworks */ = {isa = PBXBuildFile; fileRef = BFC18B9217BDAF2900D49685 /* Foundation.framework */; };
		BFC18B9517BDAF2900D49685 /* CoreGraphics.framework in Frameworks */ = {isa = PBXBuildFile; fileRef = BFC18B9417BDAF2900D49685 /* CoreGraphics.framework */; };
		BFC18B9717BDAF2900D49685 /* UIKit.framework in Frameworks */ = {isa = PBXBuildFile; fileRef = BFC18B9617BDAF2900D49685 /* UIKit.framework */; };
		BFC18B9D17BDAF2900D49685 /* InfoPlist.strings in Resources */ = {isa = PBXBuildFile; fileRef = BFC18B9B17BDAF2900D49685 /* InfoPlist.strings */; };
		BFC18B9F17BDAF2900D49685 /* main.m in Sources */ = {isa = PBXBuildFile; fileRef = BFC18B9E17BDAF2900D49685 /* main.m */; };
		BFC18BA317BDAF2900D49685 /* AppDelegate.m in Sources */ = {isa = PBXBuildFile; fileRef = BFC18BA217BDAF2900D49685 /* AppDelegate.m */; };
		BFC18BA617BDAF2900D49685 /* Main.storyboard in Resources */ = {isa = PBXBuildFile; fileRef = BFC18BA417BDAF2900D49685 /* Main.storyboard */; };
		BFC18BAB17BDAF2900D49685 /* Images.xcassets in Resources */ = {isa = PBXBuildFile; fileRef = BFC18BAA17BDAF2900D49685 /* Images.xcassets */; };
		BFC18BB217BDAF2900D49685 /* XCTest.framework in Frameworks */ = {isa = PBXBuildFile; fileRef = BFC18BB117BDAF2900D49685 /* XCTest.framework */; };
		BFC18BB317BDAF2900D49685 /* Foundation.framework in Frameworks */ = {isa = PBXBuildFile; fileRef = BFC18B9217BDAF2900D49685 /* Foundation.framework */; };
		BFC18BB417BDAF2900D49685 /* UIKit.framework in Frameworks */ = {isa = PBXBuildFile; fileRef = BFC18B9617BDAF2900D49685 /* UIKit.framework */; };
		BFC18BBC17BDAF2900D49685 /* InfoPlist.strings in Resources */ = {isa = PBXBuildFile; fileRef = BFC18BBA17BDAF2900D49685 /* InfoPlist.strings */; };
		BFC18BBE17BDAF2900D49685 /* BirthdayReminderTests.m in Sources */ = {isa = PBXBuildFile; fileRef = BFC18BBD17BDAF2900D49685 /* BirthdayReminderTests.m */; };
		BFC18BD117BDB74400D49685 /* Default-568h@2x.png in Resources */ = {isa = PBXBuildFile; fileRef = BFC18BC817BDB74400D49685 /* Default-568h@2x.png */; };
		BFC18BD217BDB74400D49685 /* Default-568h@2x.png in Resources */ = {isa = PBXBuildFile; fileRef = BFC18BC817BDB74400D49685 /* Default-568h@2x.png */; };
		BFC18BD317BDB74400D49685 /* Default.png in Resources */ = {isa = PBXBuildFile; fileRef = BFC18BC917BDB74400D49685 /* Default.png */; };
		BFC18BD417BDB74400D49685 /* Default.png in Resources */ = {isa = PBXBuildFile; fileRef = BFC18BC917BDB74400D49685 /* Default.png */; };
		BFC18BD517BDB74400D49685 /* Default@2x.png in Resources */ = {isa = PBXBuildFile; fileRef = BFC18BCA17BDB74400D49685 /* Default@2x.png */; };
		BFC18BD617BDB74400D49685 /* Default@2x.png in Resources */ = {isa = PBXBuildFile; fileRef = BFC18BCA17BDB74400D49685 /* Default@2x.png */; };
		BFC18BD717BDB74400D49685 /* Icon-72.png in Resources */ = {isa = PBXBuildFile; fileRef = BFC18BCB17BDB74400D49685 /* Icon-72.png */; };
		BFC18BD817BDB74400D49685 /* Icon-72.png in Resources */ = {isa = PBXBuildFile; fileRef = BFC18BCB17BDB74400D49685 /* Icon-72.png */; };
		BFC18BD917BDB74400D49685 /* Icon-72@2x.png in Resources */ = {isa = PBXBuildFile; fileRef = BFC18BCC17BDB74400D49685 /* Icon-72@2x.png */; };
		BFC18BDA17BDB74400D49685 /* Icon-72@2x.png in Resources */ = {isa = PBXBuildFile; fileRef = BFC18BCC17BDB74400D49685 /* Icon-72@2x.png */; };
		BFC18BDB17BDB74400D49685 /* Icon-Small.png in Resources */ = {isa = PBXBuildFile; fileRef = BFC18BCD17BDB74400D49685 /* Icon-Small.png */; };
		BFC18BDC17BDB74400D49685 /* Icon-Small.png in Resources */ = {isa = PBXBuildFile; fileRef = BFC18BCD17BDB74400D49685 /* Icon-Small.png */; };
		BFC18BDD17BDB74400D49685 /* Icon-Small@2x.png in Resources */ = {isa = PBXBuildFile; fileRef = BFC18BCE17BDB74400D49685 /* Icon-Small@2x.png */; };
		BFC18BDE17BDB74400D49685 /* Icon-Small@2x.png in Resources */ = {isa = PBXBuildFile; fileRef = BFC18BCE17BDB74400D49685 /* Icon-Small@2x.png */; };
		BFC18BDF17BDB74400D49685 /* Icon.png in Resources */ = {isa = PBXBuildFile; fileRef = BFC18BCF17BDB74400D49685 /* Icon.png */; };
		BFC18BE017BDB74400D49685 /* Icon.png in Resources */ = {isa = PBXBuildFile; fileRef = BFC18BCF17BDB74400D49685 /* Icon.png */; };
		BFC18BE117BDB74400D49685 /* Icon@2x.png in Resources */ = {isa = PBXBuildFile; fileRef = BFC18BD017BDB74400D49685 /* Icon@2x.png */; };
		BFC18BE217BDB74400D49685 /* Icon@2x.png in Resources */ = {isa = PBXBuildFile; fileRef = BFC18BD017BDB74400D49685 /* Icon@2x.png */; };
		BFC18BFA17BDD96000D49685 /* HomeViewController.m in Sources */ = {isa = PBXBuildFile; fileRef = BFC18BF917BDD96000D49685 /* HomeViewController.m */; };
		BFC18BFB17BDD96000D49685 /* HomeViewController.m in Sources */ = {isa = PBXBuildFile; fileRef = BFC18BF917BDD96000D49685 /* HomeViewController.m */; };
		BFC18BFE17BDD98600D49685 /* DetailViewController.m in Sources */ = {isa = PBXBuildFile; fileRef = BFC18BFD17BDD98600D49685 /* DetailViewController.m */; };
		BFC18BFF17BDD98600D49685 /* DetailViewController.m in Sources */ = {isa = PBXBuildFile; fileRef = BFC18BFD17BDD98600D49685 /* DetailViewController.m */; };
		BFC1BBDD17C09058007B8266 /* icon-birthday-cake.png in Resources */ = {isa = PBXBuildFile; fileRef = BFC1BBD917C09058007B8266 /* icon-birthday-cake.png */; };
		BFC1BBDE17C09058007B8266 /* icon-birthday-cake@2x.png in Resources */ = {isa = PBXBuildFile; fileRef = BFC1BBDA17C09058007B8266 /* icon-birthday-cake@2x.png */; };
		BFC1BBDF17C09058007B8266 /* thumbnail-background.png in Resources */ = {isa = PBXBuildFile; fileRef = BFC1BBDB17C09058007B8266 /* thumbnail-background.png */; };
		BFC1BBE017C09058007B8266 /* thumbnail-background@2x.png in Resources */ = {isa = PBXBuildFile; fileRef = BFC1BBDC17C09058007B8266 /* thumbnail-background@2x.png */; };
		BFE00E3417C877A400DA6966 /* UIImage+Thumbnail.m in Sources */ = {isa = PBXBuildFile; fileRef = BFE00E3317C877A400DA6966 /* UIImage+Thumbnail.m */; };
		BFF71CAE17C946AE009E28A4 /* StyleSheet.m in Sources */ = {isa = PBXBuildFile; fileRef = BFF71CAD17C946AE009E28A4 /* StyleSheet.m */; };
		BFFA258417C9155400BB0173 /* app-background1.png in Resources */ = {isa = PBXBuildFile; fileRef = BFFA258017C9155400BB0173 /* app-background1.png */; };
		BFFA258517C9155400BB0173 /* app-background1@2x.png in Resources */ = {isa = PBXBuildFile; fileRef = BFFA258117C9155400BB0173 /* app-background1@2x.png */; };
		BFFA258617C9155400BB0173 /* app-background.png in Resources */ = {isa = PBXBuildFile; fileRef = BFFA258217C9155400BB0173 /* app-background.png */; };
		BFFA258717C9155400BB0173 /* app-background@2x.png in Resources */ = {isa = PBXBuildFile; fileRef = BFFA258317C9155400BB0173 /* app-background@2x.png */; };
/* End PBXBuildFile section */

/* Begin PBXContainerItemProxy section */
		BFC18BB517BDAF2900D49685 /* PBXContainerItemProxy */ = {
			isa = PBXContainerItemProxy;
			containerPortal = BFC18B8717BDAF2900D49685 /* Project object */;
			proxyType = 1;
			remoteGlobalIDString = BFC18B8E17BDAF2900D49685;
			remoteInfo = BirthdayReminder;
		};
/* End PBXContainerItemProxy section */

/* Begin PBXFileReference section */
		BF2C2E2517C9EC67001E5014 /* icon-notes@2x.png */ = {isa = PBXFileReference; lastKnownFileType = image.png; path = "icon-notes@2x.png"; sourceTree = "<group>"; };
		BF2C2E2617C9EC67001E5014 /* icon-notes.png */ = {isa = PBXFileReference; lastKnownFileType = image.png; path = "icon-notes.png"; sourceTree = "<group>"; };
		BF2C2E2917C9F5A4001E5014 /* icon-email.png */ = {isa = PBXFileReference; lastKnownFileType = image.png; path = "icon-email.png"; sourceTree = "<group>"; };
		BF2C2E2A17C9F5A4001E5014 /* icon-email@2x.png */ = {isa = PBXFileReference; lastKnownFileType = image.png; path = "icon-email@2x.png"; sourceTree = "<group>"; };
		BF2C2E2B17C9F5A4001E5014 /* icon-facebook.png */ = {isa = PBXFileReference; lastKnownFileType = image.png; path = "icon-facebook.png"; sourceTree = "<group>"; };
		BF2C2E2C17C9F5A4001E5014 /* icon-facebook@2x.png */ = {isa = PBXFileReference; lastKnownFileType = image.png; path = "icon-facebook@2x.png"; sourceTree = "<group>"; };
		BF2C2E3117C9F5B5001E5014 /* icon-sms.png */ = {isa = PBXFileReference; lastKnownFileType = image.png; path = "icon-sms.png"; sourceTree = "<group>"; };
		BF2C2E3217C9F5B5001E5014 /* icon-sms@2x.png */ = {isa = PBXFileReference; lastKnownFileType = image.png; path = "icon-sms@2x.png"; sourceTree = "<group>"; };
		BF31F62817C920C900F06E96 /* icon-days-remaining.png */ = {isa = PBXFileReference; lastKnownFileType = image.png; path = "icon-days-remaining.png"; sourceTree = "<group>"; };
		BF31F62917C920C900F06E96 /* icon-days-remaining@2x.png */ = {isa = PBXFileReference; lastKnownFileType = image.png; path = "icon-days-remaining@2x.png"; sourceTree = "<group>"; };
		BF31F62D17C9242900F06E96 /* TableViewCell.h */ = {isa = PBXFileReference; fileEncoding = 4; lastKnownFileType = sourcecode.c.h; path = TableViewCell.h; sourceTree = "<group>"; };
		BF31F62E17C9242900F06E96 /* TableViewCell.m */ = {isa = PBXFileReference; fileEncoding = 4; lastKnownFileType = sourcecode.c.objc; path = TableViewCell.m; sourceTree = "<group>"; };
		BF43C38817C9FF2700AFA63A /* icon-delete.png */ = {isa = PBXFileReference; lastKnownFileType = image.png; path = "icon-delete.png"; sourceTree = "<group>"; };
		BF43C38917C9FF2700AFA63A /* icon-delete@2x.png */ = {isa = PBXFileReference; lastKnownFileType = image.png; path = "icon-delete@2x.png"; sourceTree = "<group>"; };
		BF47BE6217C4635A003C209C /* CoreData.framework */ = {isa = PBXFileReference; lastKnownFileType = wrapper.framework; name = CoreData.framework; path = System/Library/Frameworks/CoreData.framework; sourceTree = SDKROOT; };
		BF47BE6617C4648E003C209C /* BirthdayReminder.xcdatamodel */ = {isa = PBXFileReference; lastKnownFileType = wrapper.xcdatamodel; path = BirthdayReminder.xcdatamodel; sourceTree = "<group>"; };
		BF47BE6817C46AD8003C209C /* DBirthday.h */ = {isa = PBXFileReference; fileEncoding = 4; lastKnownFileType = sourcecode.c.h; path = DBirthday.h; sourceTree = "<group>"; };
		BF47BE6917C46AD8003C209C /* DBirthday.m */ = {isa = PBXFileReference; fileEncoding = 4; lastKnownFileType = sourcecode.c.objc; path = DBirthday.m; sourceTree = "<group>"; };
		BF55AF5017C9FEBA009E5A38 /* icon-call.png */ = {isa = PBXFileReference; lastKnownFileType = image.png; path = "icon-call.png"; sourceTree = "<group>"; };
		BF55AF5117C9FEBA009E5A38 /* icon-call@2x.png */ = {isa = PBXFileReference; lastKnownFileType = image.png; path = "icon-call@2x.png"; sourceTree = "<group>"; };
		BF6487DF17BDE90C00202254 /* EditViewController.h */ = {isa = PBXFileReference; fileEncoding = 4; lastKnownFileType = sourcecode.c.h; path = EditViewController.h; sourceTree = "<group>"; };
		BF6487E017BDE90C00202254 /* EditViewController.m */ = {isa = PBXFileReference; fileEncoding = 4; lastKnownFileType = sourcecode.c.objc; path = EditViewController.m; sourceTree = "<group>"; };
		BF6487E317BDEDE200202254 /* CoreViewController.h */ = {isa = PBXFileReference; fileEncoding = 4; lastKnownFileType = sourcecode.c.h; path = CoreViewController.h; sourceTree = "<group>"; };
		BF6487E417BDEDE200202254 /* CoreViewController.m */ = {isa = PBXFileReference; fileEncoding = 4; lastKnownFileType = sourcecode.c.objc; path = CoreViewController.m; sourceTree = "<group>"; };
		BF6487E717BE02EF00202254 /* NotesEditViewController.h */ = {isa = PBXFileReference; fileEncoding = 4; lastKnownFileType = sourcecode.c.h; path = NotesEditViewController.h; sourceTree = "<group>"; };
		BF6487E817BE02EF00202254 /* NotesEditViewController.m */ = {isa = PBXFileReference; fileEncoding = 4; lastKnownFileType = sourcecode.c.objc; path = NotesEditViewController.m; sourceTree = "<group>"; };
		BF6487EB17BE070100202254 /* SettingsViewController.h */ = {isa = PBXFileReference; fileEncoding = 4; lastKnownFileType = sourcecode.c.h; path = SettingsViewController.h; sourceTree = "<group>"; };
		BF6487EC17BE070100202254 /* SettingsViewController.m */ = {isa = PBXFileReference; fileEncoding = 4; lastKnownFileType = sourcecode.c.objc; path = SettingsViewController.m; sourceTree = "<group>"; };
		BF6487EF17BE091C00202254 /* NotificationTimeViewController.h */ = {isa = PBXFileReference; fileEncoding = 4; lastKnownFileType = sourcecode.c.h; path = NotificationTimeViewController.h; sourceTree = "<group>"; };
		BF6487F017BE091C00202254 /* NotificationTimeViewController.m */ = {isa = PBXFileReference; fileEncoding = 4; lastKnownFileType = sourcecode.c.objc; path = NotificationTimeViewController.m; sourceTree = "<group>"; };
		BF6487F317BE0D9300202254 /* BRAppGuide01.png */ = {isa = PBXFileReference; lastKnownFileType = image.png; path = BRAppGuide01.png; sourceTree = "<group>"; };
		BF6487F617BE0EB200202254 /* BuildGuideViewController.h */ = {isa = PBXFileReference; fileEncoding = 4; lastKnownFileType = sourcecode.c.h; path = BuildGuideViewController.h; sourceTree = "<group>"; };
		BF6487F717BE0EB200202254 /* BuildGuideViewController.m */ = {isa = PBXFileReference; fileEncoding = 4; lastKnownFileType = sourcecode.c.objc; path = BuildGuideViewController.m; sourceTree = "<group>"; };
		BF6487FA17BE3EDF00202254 /* QuartzCore.framework */ = {isa = PBXFileReference; lastKnownFileType = wrapper.framework; name = QuartzCore.framework; path = System/Library/Frameworks/QuartzCore.framework; sourceTree = SDKROOT; };
		BF66038E17CAEE6400E0C6C3 /* ActionButton.h */ = {isa = PBXFileReference; fileEncoding = 4; lastKnownFileType = sourcecode.c.h; path = ActionButton.h; sourceTree = "<group>"; };
		BF66038F17CAEE6400E0C6C3 /* ActionButton.m */ = {isa = PBXFileReference; fileEncoding = 4; lastKnownFileType = sourcecode.c.objc; path = ActionButton.m; sourceTree = "<group>"; };
		BF66039117CAEE8500E0C6C3 /* DeleteButton.h */ = {isa = PBXFileReference; fileEncoding = 4; lastKnownFileType = sourcecode.c.h; path = DeleteButton.h; sourceTree = "<group>"; };
		BF66039217CAEE8500E0C6C3 /* DeleteButton.m */ = {isa = PBXFileReference; fileEncoding = 4; lastKnownFileType = sourcecode.c.objc; path = DeleteButton.m; sourceTree = "<group>"; };
		BF74A02B17C9AE8A0052E26F /* icon-add-new.png */ = {isa = PBXFileReference; lastKnownFileType = image.png; path = "icon-add-new.png"; sourceTree = "<group>"; };
		BF74A02C17C9AE8A0052E26F /* icon-add-new@2x.png */ = {isa = PBXFileReference; lastKnownFileType = image.png; path = "icon-add-new@2x.png"; sourceTree = "<group>"; };
		BF74A02F17C9AE950052E26F /* icon-settings.png */ = {isa = PBXFileReference; lastKnownFileType = image.png; path = "icon-settings.png"; sourceTree = "<group>"; };
		BF74A03017C9AE950052E26F /* icon-settings@2x.png */ = {isa = PBXFileReference; lastKnownFileType = image.png; path = "icon-settings@2x.png"; sourceTree = "<group>"; };
		BF74A03317C9B9100052E26F /* iOS_NavigationBar_BackgroundImage.png */ = {isa = PBXFileReference; lastKnownFileType = image.png; path = iOS_NavigationBar_BackgroundImage.png; sourceTree = "<group>"; };
		BF74A03417C9B9100052E26F /* iOS_NavigationBar_BackgroundImage@2x.png */ = {isa = PBXFileReference; lastKnownFileType = image.png; path = "iOS_NavigationBar_BackgroundImage@2x.png"; sourceTree = "<group>"; };
		BF74A03B17C9BE240052E26F /* iOS_ToolBar_BackgroundImage.png */ = {isa = PBXFileReference; lastKnownFileType = image.png; path = iOS_ToolBar_BackgroundImage.png; sourceTree = "<group>"; };
		BF74A03C17C9BE240052E26F /* iOS_ToolBar_BackgroundImage@2x.png */ = {isa = PBXFileReference; lastKnownFileType = image.png; path = "iOS_ToolBar_BackgroundImage@2x.png"; sourceTree = "<group>"; };
		BF74AB3017C940940095F451 /* days_icon.png */ = {isa = PBXFileReference; lastKnownFileType = image.png; path = days_icon.png; sourceTree = "<group>"; };
		BF74AB3117C940940095F451 /* days_icon@2x.png */ = {isa = PBXFileReference; lastKnownFileType = image.png; path = "days_icon@2x.png"; sourceTree = "<group>"; };
		BF74AB3817C944970095F451 /* days_icon1@2x.png */ = {isa = PBXFileReference; lastKnownFileType = image.png; path = "days_icon1@2x.png"; sourceTree = "<group>"; };
		BF74AB3A17C9449F0095F451 /* days_icon1.png */ = {isa = PBXFileReference; lastKnownFileType = image.png; path = days_icon1.png; sourceTree = "<group>"; };
		BF8B450217C93CA300B11EF7 /* cell_background.png */ = {isa = PBXFileReference; lastKnownFileType = image.png; path = cell_background.png; sourceTree = "<group>"; };
		BF8B450317C93CA300B11EF7 /* cell_background@2x.png */ = {isa = PBXFileReference; lastKnownFileType = image.png; path = "cell_background@2x.png"; sourceTree = "<group>"; };
		BFA76B7417C5A70B00721697 /* DModel.h */ = {isa = PBXFileReference; fileEncoding = 4; lastKnownFileType = sourcecode.c.h; path = DModel.h; sourceTree = "<group>"; };
		BFA76B7517C5A70B00721697 /* DModel.m */ = {isa = PBXFileReference; fileEncoding = 4; lastKnownFileType = sourcecode.c.objc; path = DModel.m; sourceTree = "<group>"; };
		BFBC035517C1A4FE002E4687 /* birthdays.plist */ = {isa = PBXFileReference; fileEncoding = 4; lastKnownFileType = text.plist.xml; path = birthdays.plist; sourceTree = "<group>"; };
		BFBC035817C1A513002E4687 /* aloe-blacc.jpg */ = {isa = PBXFileReference; lastKnownFileType = image.jpeg; path = "aloe-blacc.jpg"; sourceTree = "<group>"; };
		BFBC035917C1A513002E4687 /* angelina-jolie.jpg */ = {isa = PBXFileReference; lastKnownFileType = image.jpeg; path = "angelina-jolie.jpg"; sourceTree = "<group>"; };
		BFBC035A17C1A513002E4687 /* brad-pitt.jpg */ = {isa = PBXFileReference; lastKnownFileType = image.jpeg; path = "brad-pitt.jpg"; sourceTree = "<group>"; };
		BFBC035B17C1A513002E4687 /* christina-aguilera.jpg */ = {isa = PBXFileReference; lastKnownFileType = image.jpeg; path = "christina-aguilera.jpg"; sourceTree = "<group>"; };
		BFBC035C17C1A513002E4687 /* jamie-oliver.jpg */ = {isa = PBXFileReference; lastKnownFileType = image.jpeg; path = "jamie-oliver.jpg"; sourceTree = "<group>"; };
		BFBC035D17C1A513002E4687 /* justin-bieber.jpg */ = {isa = PBXFileReference; lastKnownFileType = image.jpeg; path = "justin-bieber.jpg"; sourceTree = "<group>"; };
		BFBC035E17C1A513002E4687 /* katy-perry.jpg */ = {isa = PBXFileReference; lastKnownFileType = image.jpeg; path = "katy-perry.jpg"; sourceTree = "<group>"; };
		BFBC035F17C1A513002E4687 /* olly-murs.jpg */ = {isa = PBXFileReference; lastKnownFileType = image.jpeg; path = "olly-murs.jpg"; sourceTree = "<group>"; };
		BFBC036017C1A513002E4687 /* russell-brand.jpg */ = {isa = PBXFileReference; lastKnownFileType = image.jpeg; path = "russell-brand.jpg"; sourceTree = "<group>"; };
		BFBC036117C1A513002E4687 /* scarlett-johansson.jpg */ = {isa = PBXFileReference; lastKnownFileType = image.jpeg; path = "scarlett-johansson.jpg"; sourceTree = "<group>"; };
		BFC18B8F17BDAF2900D49685 /* BirthdayReminder.app */ = {isa = PBXFileReference; explicitFileType = wrapper.application; includeInIndex = 0; path = BirthdayReminder.app; sourceTree = BUILT_PRODUCTS_DIR; };
		BFC18B9217BDAF2900D49685 /* Foundation.framework */ = {isa = PBXFileReference; lastKnownFileType = wrapper.framework; name = Foundation.framework; path = System/Library/Frameworks/Foundation.framework; sourceTree = SDKROOT; };
		BFC18B9417BDAF2900D49685 /* CoreGraphics.framework */ = {isa = PBXFileReference; lastKnownFileType = wrapper.framework; name = CoreGraphics.framework; path = System/Library/Frameworks/CoreGraphics.framework; sourceTree = SDKROOT; };
		BFC18B9617BDAF2900D49685 /* UIKit.framework */ = {isa = PBXFileReference; lastKnownFileType = wrapper.framework; name = UIKit.framework; path = System/Library/Frameworks/UIKit.framework; sourceTree = SDKROOT; };
		BFC18B9A17BDAF2900D49685 /* BirthdayReminder-Info.plist */ = {isa = PBXFileReference; lastKnownFileType = text.plist.xml; path = "BirthdayReminder-Info.plist"; sourceTree = "<group>"; };
		BFC18B9C17BDAF2900D49685 /* en */ = {isa = PBXFileReference; lastKnownFileType = text.plist.strings; name = en; path = en.lproj/InfoPlist.strings; sourceTree = "<group>"; };
		BFC18B9E17BDAF2900D49685 /* main.m */ = {isa = PBXFileReference; lastKnownFileType = sourcecode.c.objc; path = main.m; sourceTree = "<group>"; };
		BFC18BA017BDAF2900D49685 /* BirthdayReminder-Prefix.pch */ = {isa = PBXFileReference; lastKnownFileType = sourcecode.c.h; path = "BirthdayReminder-Prefix.pch"; sourceTree = "<group>"; };
		BFC18BA117BDAF2900D49685 /* AppDelegate.h */ = {isa = PBXFileReference; lastKnownFileType = sourcecode.c.h; path = AppDelegate.h; sourceTree = "<group>"; };
		BFC18BA217BDAF2900D49685 /* AppDelegate.m */ = {isa = PBXFileReference; lastKnownFileType = sourcecode.c.objc; path = AppDelegate.m; sourceTree = "<group>"; };
		BFC18BA517BDAF2900D49685 /* Base */ = {isa = PBXFileReference; lastKnownFileType = file.storyboard; name = Base; path = Base.lproj/Main.storyboard; sourceTree = "<group>"; };
		BFC18BAA17BDAF2900D49685 /* Images.xcassets */ = {isa = PBXFileReference; lastKnownFileType = folder.assetcatalog; path = Images.xcassets; sourceTree = "<group>"; };
		BFC18BB017BDAF2900D49685 /* BirthdayReminderTests.xctest */ = {isa = PBXFileReference; explicitFileType = wrapper.cfbundle; includeInIndex = 0; path = BirthdayReminderTests.xctest; sourceTree = BUILT_PRODUCTS_DIR; };
		BFC18BB117BDAF2900D49685 /* XCTest.framework */ = {isa = PBXFileReference; lastKnownFileType = wrapper.framework; name = XCTest.framework; path = Library/Frameworks/XCTest.framework; sourceTree = DEVELOPER_DIR; };
		BFC18BB917BDAF2900D49685 /* BirthdayReminderTests-Info.plist */ = {isa = PBXFileReference; lastKnownFileType = text.plist.xml; path = "BirthdayReminderTests-Info.plist"; sourceTree = "<group>"; };
		BFC18BBB17BDAF2900D49685 /* en */ = {isa = PBXFileReference; lastKnownFileType = text.plist.strings; name = en; path = en.lproj/InfoPlist.strings; sourceTree = "<group>"; };
		BFC18BBD17BDAF2900D49685 /* BirthdayReminderTests.m */ = {isa = PBXFileReference; lastKnownFileType = sourcecode.c.objc; path = BirthdayReminderTests.m; sourceTree = "<group>"; };
		BFC18BC817BDB74400D49685 /* Default-568h@2x.png */ = {isa = PBXFileReference; lastKnownFileType = image.png; path = "Default-568h@2x.png"; sourceTree = "<group>"; };
		BFC18BC917BDB74400D49685 /* Default.png */ = {isa = PBXFileReference; lastKnownFileType = image.png; path = Default.png; sourceTree = "<group>"; };
		BFC18BCA17BDB74400D49685 /* Default@2x.png */ = {isa = PBXFileReference; lastKnownFileType = image.png; path = "Default@2x.png"; sourceTree = "<group>"; };
		BFC18BCB17BDB74400D49685 /* Icon-72.png */ = {isa = PBXFileReference; lastKnownFileType = image.png; path = "Icon-72.png"; sourceTree = "<group>"; };
		BFC18BCC17BDB74400D49685 /* Icon-72@2x.png */ = {isa = PBXFileReference; lastKnownFileType = image.png; path = "Icon-72@2x.png"; sourceTree = "<group>"; };
		BFC18BCD17BDB74400D49685 /* Icon-Small.png */ = {isa = PBXFileReference; lastKnownFileType = image.png; path = "Icon-Small.png"; sourceTree = "<group>"; };
		BFC18BCE17BDB74400D49685 /* Icon-Small@2x.png */ = {isa = PBXFileReference; lastKnownFileType = image.png; path = "Icon-Small@2x.png"; sourceTree = "<group>"; };
		BFC18BCF17BDB74400D49685 /* Icon.png */ = {isa = PBXFileReference; lastKnownFileType = image.png; path = Icon.png; sourceTree = "<group>"; };
		BFC18BD017BDB74400D49685 /* Icon@2x.png */ = {isa = PBXFileReference; lastKnownFileType = image.png; path = "Icon@2x.png"; sourceTree = "<group>"; };
		BFC18BF817BDD96000D49685 /* HomeViewController.h */ = {isa = PBXFileReference; fileEncoding = 4; lastKnownFileType = sourcecode.c.h; path = HomeViewController.h; sourceTree = "<group>"; };
		BFC18BF917BDD96000D49685 /* HomeViewController.m */ = {isa = PBXFileReference; fileEncoding = 4; lastKnownFileType = sourcecode.c.objc; path = HomeViewController.m; sourceTree = "<group>"; };
		BFC18BFC17BDD98600D49685 /* DetailViewController.h */ = {isa = PBXFileReference; fileEncoding = 4; lastKnownFileType = sourcecode.c.h; path = DetailViewController.h; sourceTree = "<group>"; };
		BFC18BFD17BDD98600D49685 /* DetailViewController.m */ = {isa = PBXFileReference; fileEncoding = 4; lastKnownFileType = sourcecode.c.objc; path = DetailViewController.m; sourceTree = "<group>"; };
		BFC1BBD917C09058007B8266 /* icon-birthday-cake.png */ = {isa = PBXFileReference; lastKnownFileType = image.png; path = "icon-birthday-cake.png"; sourceTree = "<group>"; };
		BFC1BBDA17C09058007B8266 /* icon-birthday-cake@2x.png */ = {isa = PBXFileReference; lastKnownFileType = image.png; path = "icon-birthday-cake@2x.png"; sourceTree = "<group>"; };
		BFC1BBDB17C09058007B8266 /* thumbnail-background.png */ = {isa = PBXFileReference; lastKnownFileType = image.png; path = "thumbnail-background.png"; sourceTree = "<group>"; };
		BFC1BBDC17C09058007B8266 /* thumbnail-background@2x.png */ = {isa = PBXFileReference; lastKnownFileType = image.png; path = "thumbnail-background@2x.png"; sourceTree = "<group>"; };
		BFE00E3217C877A400DA6966 /* UIImage+Thumbnail.h */ = {isa = PBXFileReference; fileEncoding = 4; lastKnownFileType = sourcecode.c.h; path = "UIImage+Thumbnail.h"; sourceTree = "<group>"; };
		BFE00E3317C877A400DA6966 /* UIImage+Thumbnail.m */ = {isa = PBXFileReference; fileEncoding = 4; lastKnownFileType = sourcecode.c.objc; path = "UIImage+Thumbnail.m"; sourceTree = "<group>"; };
		BFF71CAC17C946AE009E28A4 /* StyleSheet.h */ = {isa = PBXFileReference; fileEncoding = 4; lastKnownFileType = sourcecode.c.h; path = StyleSheet.h; sourceTree = "<group>"; };
		BFF71CAD17C946AE009E28A4 /* StyleSheet.m */ = {isa = PBXFileReference; fileEncoding = 4; lastKnownFileType = sourcecode.c.objc; path = StyleSheet.m; sourceTree = "<group>"; };
		BFFA258017C9155400BB0173 /* app-background1.png */ = {isa = PBXFileReference; lastKnownFileType = image.png; path = "app-background1.png"; sourceTree = "<group>"; };
		BFFA258117C9155400BB0173 /* app-background1@2x.png */ = {isa = PBXFileReference; lastKnownFileType = image.png; path = "app-background1@2x.png"; sourceTree = "<group>"; };
		BFFA258217C9155400BB0173 /* app-background.png */ = {isa = PBXFileReference; lastKnownFileType = image.png; path = "app-background.png"; sourceTree = "<group>"; };
		BFFA258317C9155400BB0173 /* app-background@2x.png */ = {isa = PBXFileReference; lastKnownFileType = image.png; path = "app-background@2x.png"; sourceTree = "<group>"; };
/* End PBXFileReference section */

/* Begin PBXFrameworksBuildPhase section */
		BFC18B8C17BDAF2900D49685 /* Frameworks */ = {
			isa = PBXFrameworksBuildPhase;
			buildActionMask = 2147483647;
			files = (
				BF47BE6317C4635A003C209C /* CoreData.framework in Frameworks */,
				BF6487FB17BE3EDF00202254 /* QuartzCore.framework in Frameworks */,
				BFC18B9517BDAF2900D49685 /* CoreGraphics.framework in Frameworks */,
				BFC18B9717BDAF2900D49685 /* UIKit.framework in Frameworks */,
				BFC18B9317BDAF2900D49685 /* Foundation.framework in Frameworks */,
			);
			runOnlyForDeploymentPostprocessing = 0;
		};
		BFC18BAD17BDAF2900D49685 /* Frameworks */ = {
			isa = PBXFrameworksBuildPhase;
			buildActionMask = 2147483647;
			files = (
				BFC18BB217BDAF2900D49685 /* XCTest.framework in Frameworks */,
				BFC18BB417BDAF2900D49685 /* UIKit.framework in Frameworks */,
				BFC18BB317BDAF2900D49685 /* Foundation.framework in Frameworks */,
			);
			runOnlyForDeploymentPostprocessing = 0;
		};
/* End PBXFrameworksBuildPhase section */

/* Begin PBXGroup section */
		BF31F62C17C923DC00F06E96 /* components */ = {
			isa = PBXGroup;
			children = (
				BF31F62D17C9242900F06E96 /* TableViewCell.h */,
				BF31F62E17C9242900F06E96 /* TableViewCell.m */,
				BF66038E17CAEE6400E0C6C3 /* ActionButton.h */,
				BF66038F17CAEE6400E0C6C3 /* ActionButton.m */,
				BF66039117CAEE8500E0C6C3 /* DeleteButton.h */,
				BF66039217CAEE8500E0C6C3 /* DeleteButton.m */,
			);
			name = components;
			sourceTree = "<group>";
		};
		BF47BE6417C4641E003C209C /* data */ = {
			isa = PBXGroup;
			children = (
				BF47BE6517C4648E003C209C /* BirthdayReminder.xcdatamodeld */,
				BF47BE6817C46AD8003C209C /* DBirthday.h */,
				BF47BE6917C46AD8003C209C /* DBirthday.m */,
				BFA76B7417C5A70B00721697 /* DModel.h */,
				BFA76B7517C5A70B00721697 /* DModel.m */,
			);
			name = data;
			sourceTree = "<group>";
		};
		BFBC035717C1A513002E4687 /* Celebrity Pics */ = {
			isa = PBXGroup;
			children = (
				BFBC035817C1A513002E4687 /* aloe-blacc.jpg */,
				BFBC035917C1A513002E4687 /* angelina-jolie.jpg */,
				BFBC035A17C1A513002E4687 /* brad-pitt.jpg */,
				BFBC035B17C1A513002E4687 /* christina-aguilera.jpg */,
				BFBC035C17C1A513002E4687 /* jamie-oliver.jpg */,
				BFBC035D17C1A513002E4687 /* justin-bieber.jpg */,
				BFBC035E17C1A513002E4687 /* katy-perry.jpg */,
				BFBC035F17C1A513002E4687 /* olly-murs.jpg */,
				BFBC036017C1A513002E4687 /* russell-brand.jpg */,
				BFBC036117C1A513002E4687 /* scarlett-johansson.jpg */,
			);
			path = "Celebrity Pics";
			sourceTree = "<group>";
		};
		BFC18B8617BDAF2900D49685 = {
			isa = PBXGroup;
			children = (
				BFC18B9817BDAF2900D49685 /* BirthdayReminder */,
				BFC18BB717BDAF2900D49685 /* BirthdayReminderTests */,
				BFC18B9117BDAF2900D49685 /* Frameworks */,
				BFC18B9017BDAF2900D49685 /* Products */,
			);
			sourceTree = "<group>";
		};
		BFC18B9017BDAF2900D49685 /* Products */ = {
			isa = PBXGroup;
			children = (
				BFC18B8F17BDAF2900D49685 /* BirthdayReminder.app */,
				BFC18BB017BDAF2900D49685 /* BirthdayReminderTests.xctest */,
			);
			name = Products;
			sourceTree = "<group>";
		};
		BFC18B9117BDAF2900D49685 /* Frameworks */ = {
			isa = PBXGroup;
			children = (
				BF47BE6217C4635A003C209C /* CoreData.framework */,
				BF6487FA17BE3EDF00202254 /* QuartzCore.framework */,
				BFC18B9217BDAF2900D49685 /* Foundation.framework */,
				BFC18B9417BDAF2900D49685 /* CoreGraphics.framework */,
				BFC18B9617BDAF2900D49685 /* UIKit.framework */,
				BFC18BB117BDAF2900D49685 /* XCTest.framework */,
			);
			name = Frameworks;
			sourceTree = "<group>";
		};
		BFC18B9817BDAF2900D49685 /* BirthdayReminder */ = {
			isa = PBXGroup;
			children = (
				BF47BE6417C4641E003C209C /* data */,
				BFC18BF617BDD8A400D49685 /* interface */,
				BFC18BA117BDAF2900D49685 /* AppDelegate.h */,
				BFC18BA217BDAF2900D49685 /* AppDelegate.m */,
				BFC18BA417BDAF2900D49685 /* Main.storyboard */,
				BFC18BAA17BDAF2900D49685 /* Images.xcassets */,
				BFC18BC717BDB74400D49685 /* images */,
				BFC18B9917BDAF2900D49685 /* Supporting Files */,
			);
			path = BirthdayReminder;
			sourceTree = "<group>";
		};
		BFC18B9917BDAF2900D49685 /* Supporting Files */ = {
			isa = PBXGroup;
			children = (
				BFBC035517C1A4FE002E4687 /* birthdays.plist */,
				BFC18B9A17BDAF2900D49685 /* BirthdayReminder-Info.plist */,
				BFC18B9B17BDAF2900D49685 /* InfoPlist.strings */,
				BFC18B9E17BDAF2900D49685 /* main.m */,
				BFC18BA017BDAF2900D49685 /* BirthdayReminder-Prefix.pch */,
			);
			name = "Supporting Files";
			sourceTree = "<group>";
		};
		BFC18BB717BDAF2900D49685 /* BirthdayReminderTests */ = {
			isa = PBXGroup;
			children = (
				BFC18BBD17BDAF2900D49685 /* BirthdayReminderTests.m */,
				BFC18BB817BDAF2900D49685 /* Supporting Files */,
			);
			path = BirthdayReminderTests;
			sourceTree = "<group>";
		};
		BFC18BB817BDAF2900D49685 /* Supporting Files */ = {
			isa = PBXGroup;
			children = (
				BFC18BB917BDAF2900D49685 /* BirthdayReminderTests-Info.plist */,
				BFC18BBA17BDAF2900D49685 /* InfoPlist.strings */,
			);
			name = "Supporting Files";
			sourceTree = "<group>";
		};
		BFC18BC717BDB74400D49685 /* images */ = {
			isa = PBXGroup;
			children = (
				BF43C38817C9FF2700AFA63A /* icon-delete.png */,
				BF43C38917C9FF2700AFA63A /* icon-delete@2x.png */,
				BF55AF5017C9FEBA009E5A38 /* icon-call.png */,
				BF55AF5117C9FEBA009E5A38 /* icon-call@2x.png */,
				BF2C2E3117C9F5B5001E5014 /* icon-sms.png */,
				BF2C2E3217C9F5B5001E5014 /* icon-sms@2x.png */,
				BF2C2E2917C9F5A4001E5014 /* icon-email.png */,
				BF2C2E2A17C9F5A4001E5014 /* icon-email@2x.png */,
				BF2C2E2B17C9F5A4001E5014 /* icon-facebook.png */,
				BF2C2E2C17C9F5A4001E5014 /* icon-facebook@2x.png */,
				BF2C2E2517C9EC67001E5014 /* icon-notes@2x.png */,
				BF2C2E2617C9EC67001E5014 /* icon-notes.png */,
				BF74A03B17C9BE240052E26F /* iOS_ToolBar_BackgroundImage.png */,
				BF74A03C17C9BE240052E26F /* iOS_ToolBar_BackgroundImage@2x.png */,
				BF74A03317C9B9100052E26F /* iOS_NavigationBar_BackgroundImage.png */,
				BF74A03417C9B9100052E26F /* iOS_NavigationBar_BackgroundImage@2x.png */,
				BF74A02F17C9AE950052E26F /* icon-settings.png */,
				BF74A03017C9AE950052E26F /* icon-settings@2x.png */,
				BF74A02B17C9AE8A0052E26F /* icon-add-new.png */,
				BF74A02C17C9AE8A0052E26F /* icon-add-new@2x.png */,
				BF74AB3A17C9449F0095F451 /* days_icon1.png */,
				BF74AB3817C944970095F451 /* days_icon1@2x.png */,
				BF74AB3017C940940095F451 /* days_icon.png */,
				BF74AB3117C940940095F451 /* days_icon@2x.png */,
				BF8B450217C93CA300B11EF7 /* cell_background.png */,
				BF8B450317C93CA300B11EF7 /* cell_background@2x.png */,
				BF31F62817C920C900F06E96 /* icon-days-remaining.png */,
				BF31F62917C920C900F06E96 /* icon-days-remaining@2x.png */,
				BFFA258017C9155400BB0173 /* app-background1.png */,
				BFFA258117C9155400BB0173 /* app-background1@2x.png */,
				BFFA258217C9155400BB0173 /* app-background.png */,
				BFFA258317C9155400BB0173 /* app-background@2x.png */,
				BFC1BBD917C09058007B8266 /* icon-birthday-cake.png */,
				BFC1BBDA17C09058007B8266 /* icon-birthday-cake@2x.png */,
				BFC1BBDB17C09058007B8266 /* thumbnail-background.png */,
				BFC1BBDC17C09058007B8266 /* thumbnail-background@2x.png */,
				BF6487F317BE0D9300202254 /* BRAppGuide01.png */,
				BFC18BC817BDB74400D49685 /* Default-568h@2x.png */,
				BFC18BC917BDB74400D49685 /* Default.png */,
				BFC18BCA17BDB74400D49685 /* Default@2x.png */,
				BFC18BCB17BDB74400D49685 /* Icon-72.png */,
				BFC18BCC17BDB74400D49685 /* Icon-72@2x.png */,
				BFC18BCD17BDB74400D49685 /* Icon-Small.png */,
				BFC18BCE17BDB74400D49685 /* Icon-Small@2x.png */,
				BFC18BCF17BDB74400D49685 /* Icon.png */,
				BFC18BD017BDB74400D49685 /* Icon@2x.png */,
				BFBC035717C1A513002E4687 /* Celebrity Pics */,
			);
			path = images;
			sourceTree = "<group>";
		};
		BFC18BF617BDD8A400D49685 /* interface */ = {
			isa = PBXGroup;
			children = (
				BFE00E3117C8638C00DA6966 /* categories */,
				BFC18BF717BDD8BF00D49685 /* viewControllers */,
			);
			name = interface;
			sourceTree = "<group>";
		};
		BFC18BF717BDD8BF00D49685 /* viewControllers */ = {
			isa = PBXGroup;
			children = (
				BF31F62C17C923DC00F06E96 /* components */,
				BFF71CAC17C946AE009E28A4 /* StyleSheet.h */,
				BFF71CAD17C946AE009E28A4 /* StyleSheet.m */,
				BF6487E317BDEDE200202254 /* CoreViewController.h */,
				BF6487E417BDEDE200202254 /* CoreViewController.m */,
				BFC18BF817BDD96000D49685 /* HomeViewController.h */,
				BFC18BF917BDD96000D49685 /* HomeViewController.m */,
				BFC18BFC17BDD98600D49685 /* DetailViewController.h */,
				BFC18BFD17BDD98600D49685 /* DetailViewController.m */,
				BF6487DF17BDE90C00202254 /* EditViewController.h */,
				BF6487E017BDE90C00202254 /* EditViewController.m */,
				BF6487E717BE02EF00202254 /* NotesEditViewController.h */,
				BF6487E817BE02EF00202254 /* NotesEditViewController.m */,
				BF6487EB17BE070100202254 /* SettingsViewController.h */,
				BF6487EC17BE070100202254 /* SettingsViewController.m */,
				BF6487EF17BE091C00202254 /* NotificationTimeViewController.h */,
				BF6487F017BE091C00202254 /* NotificationTimeViewController.m */,
				BF6487F617BE0EB200202254 /* BuildGuideViewController.h */,
				BF6487F717BE0EB200202254 /* BuildGuideViewController.m */,
			);
			name = viewControllers;
			sourceTree = "<group>";
		};
		BFE00E3117C8638C00DA6966 /* categories */ = {
			isa = PBXGroup;
			children = (
				BFE00E3217C877A400DA6966 /* UIImage+Thumbnail.h */,
				BFE00E3317C877A400DA6966 /* UIImage+Thumbnail.m */,
			);
			name = categories;
			sourceTree = "<group>";
		};
/* End PBXGroup section */

/* Begin PBXNativeTarget section */
		BFC18B8E17BDAF2900D49685 /* BirthdayReminder */ = {
			isa = PBXNativeTarget;
			buildConfigurationList = BFC18BC117BDAF2900D49685 /* Build configuration list for PBXNativeTarget "BirthdayReminder" */;
			buildPhases = (
				BFC18B8B17BDAF2900D49685 /* Sources */,
				BFC18B8C17BDAF2900D49685 /* Frameworks */,
				BFC18B8D17BDAF2900D49685 /* Resources */,
			);
			buildRules = (
			);
			dependencies = (
			);
			name = BirthdayReminder;
			productName = BirthdayReminder;
			productReference = BFC18B8F17BDAF2900D49685 /* BirthdayReminder.app */;
			productType = "com.apple.product-type.application";
		};
		BFC18BAF17BDAF2900D49685 /* BirthdayReminderTests */ = {
			isa = PBXNativeTarget;
			buildConfigurationList = BFC18BC417BDAF2900D49685 /* Build configuration list for PBXNativeTarget "BirthdayReminderTests" */;
			buildPhases = (
				BFC18BAC17BDAF2900D49685 /* Sources */,
				BFC18BAD17BDAF2900D49685 /* Frameworks */,
				BFC18BAE17BDAF2900D49685 /* Resources */,
			);
			buildRules = (
			);
			dependencies = (
				BFC18BB617BDAF2900D49685 /* PBXTargetDependency */,
			);
			name = BirthdayReminderTests;
			productName = BirthdayReminderTests;
			productReference = BFC18BB017BDAF2900D49685 /* BirthdayReminderTests.xctest */;
			productType = "com.apple.product-type.bundle.unit-test";
		};
/* End PBXNativeTarget section */

/* Begin PBXProject section */
		BFC18B8717BDAF2900D49685 /* Project object */ = {
			isa = PBXProject;
			attributes = {
				LastUpgradeCheck = 0500;
				ORGANIZATIONNAME = jun;
				TargetAttributes = {
					BFC18B8E17BDAF2900D49685 = {
						DevelopmentTeam = 9DHQ6GLLC9;
					};
					BFC18BAF17BDAF2900D49685 = {
						TestTargetID = BFC18B8E17BDAF2900D49685;
					};
				};
			};
			buildConfigurationList = BFC18B8A17BDAF2900D49685 /* Build configuration list for PBXProject "BirthdayReminder" */;
			compatibilityVersion = "Xcode 3.2";
			developmentRegion = English;
			hasScannedForEncodings = 0;
			knownRegions = (
				en,
				Base,
			);
			mainGroup = BFC18B8617BDAF2900D49685;
			productRefGroup = BFC18B9017BDAF2900D49685 /* Products */;
			projectDirPath = "";
			projectRoot = "";
			targets = (
				BFC18B8E17BDAF2900D49685 /* BirthdayReminder */,
				BFC18BAF17BDAF2900D49685 /* BirthdayReminderTests */,
			);
		};
/* End PBXProject section */

/* Begin PBXResourcesBuildPhase section */
		BFC18B8D17BDAF2900D49685 /* Resources */ = {
			isa = PBXResourcesBuildPhase;
			buildActionMask = 2147483647;
			files = (
				BF2C2E2E17C9F5A4001E5014 /* icon-email@2x.png in Resources */,
				BFFA258717C9155400BB0173 /* app-background@2x.png in Resources */,
				BFC18BD517BDB74400D49685 /* Default@2x.png in Resources */,
				BFC1BBDD17C09058007B8266 /* icon-birthday-cake.png in Resources */,
				BFBC036417C1A513002E4687 /* brad-pitt.jpg in Resources */,
				BFBC036B17C1A513002E4687 /* scarlett-johansson.jpg in Resources */,
				BFBC036A17C1A513002E4687 /* russell-brand.jpg in Resources */,
				BF74A03E17C9BE240052E26F /* iOS_ToolBar_BackgroundImage@2x.png in Resources */,
				BFC18BE117BDB74400D49685 /* Icon@2x.png in Resources */,
				BFFA258517C9155400BB0173 /* app-background1@2x.png in Resources */,
				BFC18BAB17BDAF2900D49685 /* Images.xcassets in Resources */,
				BFC18BD917BDB74400D49685 /* Icon-72@2x.png in Resources */,
				BF74A02D17C9AE8A0052E26F /* icon-add-new.png in Resources */,
				BF8B450417C93CA300B11EF7 /* cell_background.png in Resources */,
				BF2C2E3317C9F5B5001E5014 /* icon-sms.png in Resources */,
				BFC18BDD17BDB74400D49685 /* Icon-Small@2x.png in Resources */,
				BF2C2E3017C9F5A4001E5014 /* icon-facebook@2x.png in Resources */,
				BF74AB3317C940940095F451 /* days_icon@2x.png in Resources */,
				BF2C2E2D17C9F5A4001E5014 /* icon-email.png in Resources */,
				BFFA258417C9155400BB0173 /* app-background1.png in Resources */,
				BFC1BBE017C09058007B8266 /* thumbnail-background@2x.png in Resources */,
				BF31F62A17C920C900F06E96 /* icon-days-remaining.png in Resources */,
				BF2C2E2817C9EC67001E5014 /* icon-notes.png in Resources */,
				BF74A03117C9AE950052E26F /* icon-settings.png in Resources */,
				BFBC036617C1A513002E4687 /* jamie-oliver.jpg in Resources */,
				BFC1BBDE17C09058007B8266 /* icon-birthday-cake@2x.png in Resources */,
				BFC18BD117BDB74400D49685 /* Default-568h@2x.png in Resources */,
				BF2C2E2F17C9F5A4001E5014 /* icon-facebook.png in Resources */,
				BF43C38A17C9FF2700AFA63A /* icon-delete.png in Resources */,
				BF31F62B17C920C900F06E96 /* icon-days-remaining@2x.png in Resources */,
				BFC18B9D17BDAF2900D49685 /* InfoPlist.strings in Resources */,
				BF6487F417BE0D9300202254 /* BRAppGuide01.png in Resources */,
				BF43C38B17C9FF2700AFA63A /* icon-delete@2x.png in Resources */,
				BFC18BA617BDAF2900D49685 /* Main.storyboard in Resources */,
				BF55AF5217C9FEBA009E5A38 /* icon-call.png in Resources */,
				BF8B450517C93CA300B11EF7 /* cell_background@2x.png in Resources */,
				BFBC036217C1A513002E4687 /* aloe-blacc.jpg in Resources */,
				BFC18BD717BDB74400D49685 /* Icon-72.png in Resources */,
				BF74A03217C9AE950052E26F /* icon-settings@2x.png in Resources */,
				BFBC036917C1A513002E4687 /* olly-murs.jpg in Resources */,
				BF74AB3B17C9449F0095F451 /* days_icon1.png in Resources */,
				BFC1BBDF17C09058007B8266 /* thumbnail-background.png in Resources */,
				BF74A03617C9B9100052E26F /* iOS_NavigationBar_BackgroundImage@2x.png in Resources */,
				BFFA258617C9155400BB0173 /* app-background.png in Resources */,
				BFBC036817C1A513002E4687 /* katy-perry.jpg in Resources */,
				BF2C2E2717C9EC67001E5014 /* icon-notes@2x.png in Resources */,
				BFC18BDF17BDB74400D49685 /* Icon.png in Resources */,
				BF74A03D17C9BE240052E26F /* iOS_ToolBar_BackgroundImage.png in Resources */,
				BFBC036517C1A513002E4687 /* christina-aguilera.jpg in Resources */,
				BF74A03517C9B9100052E26F /* iOS_NavigationBar_BackgroundImage.png in Resources */,
				BF74AB3917C944970095F451 /* days_icon1@2x.png in Resources */,
				BF74AB3217C940940095F451 /* days_icon.png in Resources */,
				BFBC036717C1A513002E4687 /* justin-bieber.jpg in Resources */,
				BFBC036317C1A513002E4687 /* angelina-jolie.jpg in Resources */,
				BFBC035617C1A4FE002E4687 /* birthdays.plist in Resources */,
				BF55AF5317C9FEBA009E5A38 /* icon-call@2x.png in Resources */,
				BFC18BD317BDB74400D49685 /* Default.png in Resources */,
				BF2C2E3417C9F5B5001E5014 /* icon-sms@2x.png in Resources */,
				BF74A02E17C9AE8A0052E26F /* icon-add-new@2x.png in Resources */,
				BFC18BDB17BDB74400D49685 /* Icon-Small.png in Resources */,
			);
			runOnlyForDeploymentPostprocessing = 0;
		};
		BFC18BAE17BDAF2900D49685 /* Resources */ = {
			isa = PBXResourcesBuildPhase;
			buildActionMask = 2147483647;
			files = (
				BFC18BE017BDB74400D49685 /* Icon.png in Resources */,
				BFC18BD617BDB74400D49685 /* Default@2x.png in Resources */,
				BFC18BDC17BDB74400D49685 /* Icon-Small.png in Resources */,
				BFC18BD817BDB74400D49685 /* Icon-72.png in Resources */,
				BFC18BDA17BDB74400D49685 /* Icon-72@2x.png in Resources */,
				BF6487F517BE0D9300202254 /* BRAppGuide01.png in Resources */,
				BFC18BBC17BDAF2900D49685 /* InfoPlist.strings in Resources */,
				BFC18BDE17BDB74400D49685 /* Icon-Small@2x.png in Resources */,
				BFC18BD417BDB74400D49685 /* Default.png in Resources */,
				BFC18BD217BDB74400D49685 /* Default-568h@2x.png in Resources */,
				BFC18BE217BDB74400D49685 /* Icon@2x.png in Resources */,
			);
			runOnlyForDeploymentPostprocessing = 0;
		};
/* End PBXResourcesBuildPhase section */

/* Begin PBXSourcesBuildPhase section */
		BFC18B8B17BDAF2900D49685 /* Sources */ = {
			isa = PBXSourcesBuildPhase;
			buildActionMask = 2147483647;
			files = (
				BF66039317CAEE8500E0C6C3 /* DeleteButton.m in Sources */,
				BF6487F817BE0EB200202254 /* BuildGuideViewController.m in Sources */,
				BF66039017CAEE6400E0C6C3 /* ActionButton.m in Sources */,
				BFF71CAE17C946AE009E28A4 /* StyleSheet.m in Sources */,
				BF6487F117BE091C00202254 /* NotificationTimeViewController.m in Sources */,
				BFC18BFE17BDD98600D49685 /* DetailViewController.m in Sources */,
				BF6487E517BDEDE200202254 /* CoreViewController.m in Sources */,
				BFC18BA317BDAF2900D49685 /* AppDelegate.m in Sources */,
				BF6487ED17BE070100202254 /* SettingsViewController.m in Sources */,
				BFE00E3417C877A400DA6966 /* UIImage+Thumbnail.m in Sources */,
				BF6487E917BE02EF00202254 /* NotesEditViewController.m in Sources */,
				BFC18B9F17BDAF2900D49685 /* main.m in Sources */,
				BF47BE6717C4648E003C209C /* BirthdayReminder.xcdatamodeld in Sources */,
				BF47BE6A17C46AD8003C209C /* DBirthday.m in Sources */,
				BFA76B7617C5A70B00721697 /* DModel.m in Sources */,
				BFC18BFA17BDD96000D49685 /* HomeViewController.m in Sources */,
				BF31F62F17C9242900F06E96 /* TableViewCell.m in Sources */,
				BF6487E117BDE90C00202254 /* EditViewController.m in Sources */,
			);
			runOnlyForDeploymentPostprocessing = 0;
		};
		BFC18BAC17BDAF2900D49685 /* Sources */ = {
			isa = PBXSourcesBuildPhase;
			buildActionMask = 2147483647;
			files = (
				BF6487F217BE091C00202254 /* NotificationTimeViewController.m in Sources */,
				BF6487E617BDEDE200202254 /* CoreViewController.m in Sources */,
				BF6487E217BDE90C00202254 /* EditViewController.m in Sources */,
				BF6487EA17BE02EF00202254 /* NotesEditViewController.m in Sources */,
				BFC18BBE17BDAF2900D49685 /* BirthdayReminderTests.m in Sources */,
				BFC18BFB17BDD96000D49685 /* HomeViewController.m in Sources */,
				BF6487F917BE0EB200202254 /* BuildGuideViewController.m in Sources */,
				BFC18BFF17BDD98600D49685 /* DetailViewController.m in Sources */,
				BF6487EE17BE070100202254 /* SettingsViewController.m in Sources */,
			);
			runOnlyForDeploymentPostprocessing = 0;
		};
/* End PBXSourcesBuildPhase section */

/* Begin PBXTargetDependency section */
		BFC18BB617BDAF2900D49685 /* PBXTargetDependency */ = {
			isa = PBXTargetDependency;
			target = BFC18B8E17BDAF2900D49685 /* BirthdayReminder */;
			targetProxy = BFC18BB517BDAF2900D49685 /* PBXContainerItemProxy */;
		};
/* End PBXTargetDependency section */

/* Begin PBXVariantGroup section */
		BFC18B9B17BDAF2900D49685 /* InfoPlist.strings */ = {
			isa = PBXVariantGroup;
			children = (
				BFC18B9C17BDAF2900D49685 /* en */,
			);
			name = InfoPlist.strings;
			sourceTree = "<group>";
		};
		BFC18BA417BDAF2900D49685 /* Main.storyboard */ = {
			isa = PBXVariantGroup;
			children = (
				BFC18BA517BDAF2900D49685 /* Base */,
			);
			name = Main.storyboard;
			sourceTree = "<group>";
		};
		BFC18BBA17BDAF2900D49685 /* InfoPlist.strings */ = {
			isa = PBXVariantGroup;
			children = (
				BFC18BBB17BDAF2900D49685 /* en */,
			);
			name = InfoPlist.strings;
			sourceTree = "<group>";
		};
/* End PBXVariantGroup section */

/* Begin XCBuildConfiguration section */
		BFC18BBF17BDAF2900D49685 /* Debug */ = {
			isa = XCBuildConfiguration;
			buildSettings = {
				ALWAYS_SEARCH_USER_PATHS = NO;
				CLANG_CXX_LANGUAGE_STANDARD = "gnu++0x";
				CLANG_CXX_LIBRARY = "libc++";
				CLANG_ENABLE_MODULES = YES;
				CLANG_ENABLE_OBJC_ARC = YES;
				CLANG_WARN_BOOL_CONVERSION = YES;
				CLANG_WARN_CONSTANT_CONVERSION = YES;
				CLANG_WARN_DIRECT_OBJC_ISA_USAGE = YES_ERROR;
				CLANG_WARN_EMPTY_BODY = YES;
				CLANG_WARN_ENUM_CONVERSION = YES;
				CLANG_WARN_INT_CONVERSION = YES;
				CLANG_WARN_OBJC_ROOT_CLASS = YES_ERROR;
				CLANG_WARN__DUPLICATE_METHOD_MATCH = YES;
				"CODE_SIGN_IDENTITY[sdk=iphoneos*]" = "iPhone Developer";
				COPY_PHASE_STRIP = NO;
				GCC_C_LANGUAGE_STANDARD = gnu99;
				GCC_DYNAMIC_NO_PIC = NO;
				GCC_OPTIMIZATION_LEVEL = 0;
				GCC_PREPROCESSOR_DEFINITIONS = (
					"DEBUG=1",
					"$(inherited)",
				);
				GCC_SYMBOLS_PRIVATE_EXTERN = NO;
				GCC_WARN_ABOUT_RETURN_TYPE = YES_ERROR;
				GCC_WARN_UNDECLARED_SELECTOR = YES;
				GCC_WARN_UNINITIALIZED_AUTOS = YES;
				GCC_WARN_UNUSED_FUNCTION = YES;
				GCC_WARN_UNUSED_VARIABLE = YES;
				IPHONEOS_DEPLOYMENT_TARGET = 7.0;
				ONLY_ACTIVE_ARCH = YES;
				SDKROOT = iphoneos;
			};
			name = Debug;
		};
		BFC18BC017BDAF2900D49685 /* Release */ = {
			isa = XCBuildConfiguration;
			buildSettings = {
				ALWAYS_SEARCH_USER_PATHS = NO;
				CLANG_CXX_LANGUAGE_STANDARD = "gnu++0x";
				CLANG_CXX_LIBRARY = "libc++";
				CLANG_ENABLE_MODULES = YES;
				CLANG_ENABLE_OBJC_ARC = YES;
				CLANG_WARN_BOOL_CONVERSION = YES;
				CLANG_WARN_CONSTANT_CONVERSION = YES;
				CLANG_WARN_DIRECT_OBJC_ISA_USAGE = YES_ERROR;
				CLANG_WARN_EMPTY_BODY = YES;
				CLANG_WARN_ENUM_CONVERSION = YES;
				CLANG_WARN_INT_CONVERSION = YES;
				CLANG_WARN_OBJC_ROOT_CLASS = YES_ERROR;
				CLANG_WARN__DUPLICATE_METHOD_MATCH = YES;
				"CODE_SIGN_IDENTITY[sdk=iphoneos*]" = "iPhone Developer";
				COPY_PHASE_STRIP = YES;
				ENABLE_NS_ASSERTIONS = NO;
				GCC_C_LANGUAGE_STANDARD = gnu99;
				GCC_WARN_ABOUT_RETURN_TYPE = YES_ERROR;
				GCC_WARN_UNDECLARED_SELECTOR = YES;
				GCC_WARN_UNINITIALIZED_AUTOS = YES;
				GCC_WARN_UNUSED_FUNCTION = YES;
				GCC_WARN_UNUSED_VARIABLE = YES;
				IPHONEOS_DEPLOYMENT_TARGET = 7.0;
				SDKROOT = iphoneos;
				VALIDATE_PRODUCT = YES;
			};
			name = Release;
		};
		BFC18BC217BDAF2900D49685 /* Debug */ = {
			isa = XCBuildConfiguration;
			buildSettings = {
				ASSETCATALOG_COMPILER_APPICON_NAME = AppIcon;
				ASSETCATALOG_COMPILER_LAUNCHIMAGE_NAME = LaunchImage;
				CODE_SIGN_IDENTITY = "iPhone Developer";
				"CODE_SIGN_IDENTITY[sdk=iphoneos*]" = "iPhone Developer";
				GCC_PRECOMPILE_PREFIX_HEADER = YES;
				GCC_PREFIX_HEADER = "BirthdayReminder/BirthdayReminder-Prefix.pch";
				INFOPLIST_FILE = "BirthdayReminder/BirthdayReminder-Info.plist";
				IPHONEOS_DEPLOYMENT_TARGET = 6.0;
				PRODUCT_NAME = "$(TARGET_NAME)";
				PROVISIONING_PROFILE = "";
				SDKROOT = iphoneos;
				WRAPPER_EXTENSION = app;
			};
			name = Debug;
		};
		BFC18BC317BDAF2900D49685 /* Release */ = {
			isa = XCBuildConfiguration;
			buildSettings = {
				ASSETCATALOG_COMPILER_APPICON_NAME = AppIcon;
				ASSETCATALOG_COMPILER_LAUNCHIMAGE_NAME = LaunchImage;
				CODE_SIGN_IDENTITY = "iPhone Developer";
				"CODE_SIGN_IDENTITY[sdk=iphoneos*]" = "iPhone Developer";
				GCC_PRECOMPILE_PREFIX_HEADER = YES;
				GCC_PREFIX_HEADER = "BirthdayReminder/BirthdayReminder-Prefix.pch";
				INFOPLIST_FILE = "BirthdayReminder/BirthdayReminder-Info.plist";
				IPHONEOS_DEPLOYMENT_TARGET = 6.0;
				PRODUCT_NAME = "$(TARGET_NAME)";
				PROVISIONING_PROFILE = "";
				SDKROOT = iphoneos;
				WRAPPER_EXTENSION = app;
			};
			name = Release;
		};
		BFC18BC517BDAF2900D49685 /* Debug */ = {
			isa = XCBuildConfiguration;
			buildSettings = {
				BUNDLE_LOADER = "$(BUILT_PRODUCTS_DIR)/BirthdayReminder.app/BirthdayReminder";
				FRAMEWORK_SEARCH_PATHS = (
					"$(SDKROOT)/Developer/Library/Frameworks",
					"$(inherited)",
					"$(DEVELOPER_FRAMEWORKS_DIR)",
				);
				GCC_PRECOMPILE_PREFIX_HEADER = YES;
				GCC_PREFIX_HEADER = "BirthdayReminder/BirthdayReminder-Prefix.pch";
				GCC_PREPROCESSOR_DEFINITIONS = (
					"DEBUG=1",
					"$(inherited)",
				);
				INFOPLIST_FILE = "BirthdayReminderTests/BirthdayReminderTests-Info.plist";
				PRODUCT_NAME = "$(TARGET_NAME)";
				TEST_HOST = "$(BUNDLE_LOADER)";
				WRAPPER_EXTENSION = xctest;
			};
			name = Debug;
		};
		BFC18BC617BDAF2900D49685 /* Release */ = {
			isa = XCBuildConfiguration;
			buildSettings = {
				BUNDLE_LOADER = "$(BUILT_PRODUCTS_DIR)/BirthdayReminder.app/BirthdayReminder";
				FRAMEWORK_SEARCH_PATHS = (
					"$(SDKROOT)/Developer/Library/Frameworks",
					"$(inherited)",
					"$(DEVELOPER_FRAMEWORKS_DIR)",
				);
				GCC_PRECOMPILE_PREFIX_HEADER = YES;
				GCC_PREFIX_HEADER = "BirthdayReminder/BirthdayReminder-Prefix.pch";
				INFOPLIST_FILE = "BirthdayReminderTests/BirthdayReminderTests-Info.plist";
				PRODUCT_NAME = "$(TARGET_NAME)";
				TEST_HOST = "$(BUNDLE_LOADER)";
				WRAPPER_EXTENSION = xctest;
			};
			name = Release;
		};
/* End XCBuildConfiguration section */

/* Begin XCConfigurationList section */
		BFC18B8A17BDAF2900D49685 /* Build configuration list for PBXProject "BirthdayReminder" */ = {
			isa = XCConfigurationList;
			buildConfigurations = (
				BFC18BBF17BDAF2900D49685 /* Debug */,
				BFC18BC017BDAF2900D49685 /* Release */,
			);
			defaultConfigurationIsVisible = 0;
			defaultConfigurationName = Release;
		};
		BFC18BC117BDAF2900D49685 /* Build configuration list for PBXNativeTarget "BirthdayReminder" */ = {
			isa = XCConfigurationList;
			buildConfigurations = (
				BFC18BC217BDAF2900D49685 /* Debug */,
				BFC18BC317BDAF2900D49685 /* Release */,
			);
			defaultConfigurationIsVisible = 0;
			defaultConfigurationName = Release;
		};
		BFC18BC417BDAF2900D49685 /* Build configuration list for PBXNativeTarget "BirthdayReminderTests" */ = {
			isa = XCConfigurationList;
			buildConfigurations = (
				BFC18BC517BDAF2900D49685 /* Debug */,
				BFC18BC617BDAF2900D49685 /* Release */,
			);
			defaultConfigurationIsVisible = 0;
			defaultConfigurationName = Release;
		};
/* End XCConfigurationList section */

/* Begin XCVersionGroup section */
		BF47BE6517C4648E003C209C /* BirthdayReminder.xcdatamodeld */ = {
			isa = XCVersionGroup;
			children = (
				BF47BE6617C4648E003C209C /* BirthdayReminder.xcdatamodel */,
			);
			currentVersion = BF47BE6617C4648E003C209C /* BirthdayReminder.xcdatamodel */;
			path = BirthdayReminder.xcdatamodeld;
			sourceTree = "<group>";
			versionGroupType = wrapper.xcdatamodel;
		};
/* End XCVersionGroup section */
	};
	rootObject = BFC18B8717BDAF2900D49685 /* Project object */;
}
